{
  "version": "0.9.4",
  "syncedAt": "2026-09-25T05:36:04.832Z",
  "managed": {
    "docs/handoff-template.md": "93ece250a224626c",
    "docs/work-intake-template.md": "78570caa16e742ae",
    ".agent/trace/README.md": "e03e15183be9d80d",
    ".agent/hooks/check-agent-compass-updates.sh": "e12d3dd4673ea8a0",
    ".github/ISSUE_TEMPLATE/agent-ready-task.yml": "02755e13b172dd06",
    ".github/instructions/agent-compass.instructions.md": "12e69c860d2032b5",
    ".github/instructions/pr-workflow.instructions.md": "095ffcd4d593ba5a",
    ".github/prompts/explain-project.prompt.md": "ab8373c6fd3f59b2",
    ".github/prompts/prompt-upgrade.prompt.md": "a671406682b0d678",
    ".github/prompts/choose-architecture.prompt.md": "f00c5b2521e0dd4b",
    ".github/prompts/review-mr.prompt.md": "25b5fd862fa9cc03",
    ".github/agents/agent-compass-teacher.agent.md": "7900f12246a114a8",
    ".github/agents/architecture-advisor.agent.md": "d1e45a26e8ba32c6",
    ".codex/config.toml": "1fa5b2679fa89f7b",
    ".codex/hooks.json": "03f2b30f7676e8ce",
    ".claude/agents/reviewer.md": "197b460bb7d5ca02",
    ".claude/agents/security.md": "1b36d24d12a0532d",
    ".claude/agents/docs-teacher.md": "469f18015dd34f59",
    ".claude/agents/architecture-advisor.md": "d02d95b5d4823ac4",
    ".claude/hooks/protect-agent-files.sh": "4944e1febd9e28ad",
    ".claude/hooks/remind-completion-gate.sh": "38405974091e8a48",
    ".claude/settings.example.json": "5bc0f9b29d438ce0",
    ".agent/provider-discovery-smoke.md": "4eb538c248a6d711",
    ".mcp/README.md": "85d92474aa65a5ee",
    ".mcp/tool-contract.md": "80e598110b39e444",
    ".mcp/figma.example.json": "27c906523675dab0",
    ".mcp/figma-mcp-go.example.json": "22e46016024af089",
    ".mcp/figma-mcp-go.md": "f62d56bb72fbb49d",
    ".mcp/projectmem.example.json": "81b72c87987d935b",
    ".mcp/codebase-memory.example.json": "64c263f411bbdbba",
    ".mcp/copilot-cloud.example.json": "d7d17a97e802c32c",
    ".mcp/codex.example.toml": "1b8291ae47454ce6",
    ".mcp/angular-cli.example.json": "d20f5818c268e87e",
    ".mcp/gemini.example.json": "01198b1f9cbe8110",
    ".gemini/settings.example.json": "b02bd0e9ea9e02a7",
    ".mcp/headroom.example.json": "01c8ae0b2632be91",
    ".mcp/recommended.example.json": "b02bd0e9ea9e02a7"
  }
}
